
Microsoft Visual Studio Solution File, Format Version 12.00
# Visual Studio 15
VisualStudioVersion = 15.0.27004.2009
MinimumVisualStudioVersion = 10.0.40219.1
Project("{FAE04EC0-301F-11D3-BF4B-00C04F79EFBC}") = "NP.Roxy.StrongTypeMethodTest", "NP.Roxy.StrongTypeMethodTest.csproj", "{D58FA386-4F74-4ECA-AA07-0840557E9684}"
EndProject
Global
	GlobalSection(SolutionConfigurationPlatforms) = preSolution
		Debug|Any CPU = Debug|Any CPU
		Release|Any CPU = Release|Any CPU
	EndGlobalSection
	GlobalSection(ProjectConfigurationPlatforms) = postSolution
		{D58FA386-4F74-4ECA-AA07-0840557E9684}.Debug|Any CPU.ActiveCfg = Debug|Any CPU
		{D58FA386-4F74-4ECA-AA07-0840557E9684}.Debug|Any CPU.Build.0 = Debug|Any CPU
		{D58FA386-4F74-4ECA-AA07-0840557E9684}.Release|Any CPU.ActiveCfg = Release|Any CPU
		{D58FA386-4F74-4ECA-AA07-0840557E9684}.Release|Any CPU.Build.0 = Release|Any CPU
	EndGlobalSection
	GlobalSection(SolutionProperties) = preSolution
		HideSolutionNode = FALSE
	EndGlobalSection
	GlobalSection(ExtensibilityGlobals) = postSolution
		SolutionGuid = {EA687FD5-E516-4BEE-B2E0-C8B8BF8C6F42}
	EndGlobalSection
EndGlobal
